
Microsoft Visual Studio Solution File, Format Version 12.00
# Visual Studio Version 17
VisualStudioVersion = 17.11.35327.3
MinimumVisualStudioVersion = 10.0.40219.1
Project("{FAE04EC0-301F-11D3-BF4B-00C04F79EFBC}") = "THE PORTFOLIO", "THE PORTFOLIO.csproj", "{96DAF433-742A-4CCC-9DB5-C44A898F2107}"
EndProject
Global
	GlobalSection(SolutionConfigurationPlatforms) = preSolution
		Debug|Any CPU = Debug|Any CPU
		Release|Any CPU = Release|Any CPU
	EndGlobalSection
	GlobalSection(ProjectConfigurationPlatforms) = postSolution
		{96DAF433-742A-4CCC-9DB5-C44A898F2107}.Debug|Any CPU.ActiveCfg = Debug|Any CPU
		{96DAF433-742A-4CCC-9DB5-C44A898F2107}.Debug|Any CPU.Build.0 = Debug|Any CPU
		{96DAF433-742A-4CCC-9DB5-C44A898F2107}.Release|Any CPU.ActiveCfg = Release|Any CPU
		{96DAF433-742A-4CCC-9DB5-C44A898F2107}.Release|Any CPU.Build.0 = Release|Any CPU
	EndGlobalSection
	GlobalSection(SolutionProperties) = preSolution
		HideSolutionNode = FALSE
	EndGlobalSection
	GlobalSection(ExtensibilityGlobals) = postSolution
		SolutionGuid = {2B2BCB91-D641-4D69-BA4E-DA40B7861D9D}
	EndGlobalSection
EndGlobal
